// !$*UTF8*$!
{
	archiveVersion = 1;
	classes = {
	};
	objectVersion = 46;
	objects = {

/* Begin PBXBuildFile section */
		D836D2F81B3CA13200DD2543 /* AppDelegate.swift in Sources */ = {isa = PBXBuildFile; fileRef = D836D2F71B3CA13200DD2543 /* AppDelegate.swift */; };
		D836D2FA1B3CA13200DD2543 /* ViewController.swift in Sources */ = {isa = PBXBuildFile; fileRef = D836D2F91B3CA13200DD2543 /* ViewController.swift */; };
		D836D2FD1B3CA13200DD2543 /* Main.storyboard in Resources */ = {isa = PBXBuildFile; fileRef = D836D2FB1B3CA13200DD2543 /* Main.storyboard */; };
		D836D2FF1B3CA13200DD2543 /* Assets.xcassets in Resources */ = {isa = PBXBuildFile; fileRef = D836D2FE1B3CA13200DD2543 /* Assets.xcassets */; };
		D836D3021B3CA13200DD2543 /* LaunchScreen.storyboard in Resources */ = {isa = PBXBuildFile; fileRef = D836D3001B3CA13200DD2543 /* LaunchScreen.storyboard */; };
		D836D30D1B3CA13200DD2543 /* WInjectorTests.swift in Sources */ = {isa = PBXBuildFile; fileRef = D836D30C1B3CA13200DD2543 /* WInjectorTests.swift */; };
		D836D3181B3CA14C00DD2543 /* WInjector.swift in Sources */ = {isa = PBXBuildFile; fileRef = D836D3171B3CA14C00DD2543 /* WInjector.swift */; };
		D836D31A1B3CAE8400DD2543 /* Tester.swift in Sources */ = {isa = PBXBuildFile; fileRef = D836D3191B3CAE8400DD2543 /* Tester.swift */; };
/* End PBXBuildFile section */

/* Begin PBXContainerItemProxy section */
		D836D3091B3CA13200DD2543 /* PBXContainerItemProxy */ = {
			isa = PBXContainerItemProxy;
			containerPortal = D836D2EC1B3CA13200DD2543 /* Project object */;
			proxyType = 1;
			remoteGlobalIDString = D836D2F31B3CA13200DD2543;
			remoteInfo = WInjector;
		};
/* End PBXContainerItemProxy section */

/* Begin PBXFileReference section */
		D836D2F41B3CA13200DD2543 /* WInjector.app */ = {isa = PBXFileReference; explicitFileType = wrapper.application; includeInIndex = 0; path = WInjector.app; sourceTree = BUILT_PRODUCTS_DIR; };
		D836D2F71B3CA13200DD2543 /* AppDelegate.swift */ = {isa = PBXFileReference; lastKnownFileType = sourcecode.swift; path = AppDelegate.swift; sourceTree = "<group>"; };
		D836D2F91B3CA13200DD2543 /* ViewController.swift */ = {isa = PBXFileReference; lastKnownFileType = sourcecode.swift; path = ViewController.swift; sourceTree = "<group>"; };
		D836D2FC1B3CA13200DD2543 /* Base */ = {isa = PBXFileReference; lastKnownFileType = file.storyboard; name = Base; path = Base.lproj/Main.storyboard; sourceTree = "<group>"; };
		D836D2FE1B3CA13200DD2543 /* Assets.xcassets */ = {isa = PBXFileReference; lastKnownFileType = folder.assetcatalog; path = Assets.xcassets; sourceTree = "<group>"; };
		D836D3011B3CA13200DD2543 /* Base */ = {isa = PBXFileReference; lastKnownFileType = file.storyboard; name = Base; path = Base.lproj/LaunchScreen.storyboard; sourceTree = "<group>"; };
		D836D3031B3CA13200DD2543 /* Info.plist */ = {isa = PBXFileReference; lastKnownFileType = text.plist.xml; path = Info.plist; sourceTree = "<group>"; };
		D836D3081B3CA13200DD2543 /* WInjectorTests.xctest */ = {isa = PBXFileReference; explicitFileType = wrapper.cfbundle; includeInIndex = 0; path = WInjectorTests.xctest; sourceTree = BUILT_PRODUCTS_DIR; };
		D836D30C1B3CA13200DD2543 /* WInjectorTests.swift */ = {isa = PBXFileReference; lastKnownFileType = sourcecode.swift; path = WInjectorTests.swift; sourceTree = "<group>"; };
		D836D30E1B3CA13200DD2543 /* Info.plist */ = {isa = PBXFileReference; lastKnownFileType = text.plist.xml; path = Info.plist; sourceTree = "<group>"; };
		D836D3171B3CA14C00DD2543 /* WInjector.swift */ = {isa = PBXFileReference; fileEncoding = 4; lastKnownFileType = sourcecode.swift; path = WInjector.swift; sourceTree = "<group>"; };
		D836D3191B3CAE8400DD2543 /* Tester.swift */ = {isa = PBXFileReference; fileEncoding = 4; lastKnownFileType = sourcecode.swift; path = Tester.swift; sourceTree = "<group>"; };
/* End PBXFileReference section */

/* Begin PBXFrameworksBuildPhase section */
		D836D2F11B3CA13200DD2543 /* Frameworks */ = {
			isa = PBXFrameworksBuildPhase;
			buildActionMask = 2147483647;
			files = (
			);
			runOnlyForDeploymentPostprocessing = 0;
		};
		D836D3051B3CA13200DD2543 /* Frameworks */ = {
			isa = PBXFrameworksBuildPhase;
			buildActionMask = 2147483647;
			files = (
			);
			runOnlyForDeploymentPostprocessing = 0;
		};
/* End PBXFrameworksBuildPhase section */

/* Begin PBXGroup section */
		D836D2EB1B3CA13200DD2543 = {
			isa = PBXGroup;
			children = (
				D836D2F61B3CA13200DD2543 /* WInjector */,
				D836D30B1B3CA13200DD2543 /* WInjectorTests */,
				D836D2F51B3CA13200DD2543 /* Products */,
			);
			sourceTree = "<group>";
		};
		D836D2F51B3CA13200DD2543 /* Products */ = {
			isa = PBXGroup;
			children = (
				D836D2F41B3CA13200DD2543 /* WInjector.app */,
				D836D3081B3CA13200DD2543 /* WInjectorTests.xctest */,
			);
			name = Products;
			sourceTree = "<group>";
		};
		D836D2F61B3CA13200DD2543 /* WInjector */ = {
			isa = PBXGroup;
			children = (
				D836D2F71B3CA13200DD2543 /* AppDelegate.swift */,
				D836D2F91B3CA13200DD2543 /* ViewController.swift */,
				D836D3191B3CAE8400DD2543 /* Tester.swift */,
				D836D3171B3CA14C00DD2543 /* WInjector.swift */,
				D836D2FB1B3CA13200DD2543 /* Main.storyboard */,
				D836D2FE1B3CA13200DD2543 /* Assets.xcassets */,
				D836D3001B3CA13200DD2543 /* LaunchScreen.storyboard */,
				D836D3031B3CA13200DD2543 /* Info.plist */,
			);
			path = WInjector;
			sourceTree = "<group>";
		};
		D836D30B1B3CA13200DD2543 /* WInjectorTests */ = {
			isa = PBXGroup;
			children = (
				D836D30C1B3CA13200DD2543 /* WInjectorTests.swift */,
				D836D30E1B3CA13200DD2543 /* Info.plist */,
			);
			path = WInjectorTests;
			sourceTree = "<group>";
		};
/* End PBXGroup section */

/* Begin PBXNativeTarget section */
		D836D2F31B3CA13200DD2543 /* WInjector */ = {
			isa = PBXNativeTarget;
			buildConfigurationList = D836D3111B3CA13200DD2543 /* Build configuration list for PBXNativeTarget "WInjector" */;
			buildPhases = (
				D836D2F01B3CA13200DD2543 /* Sources */,
				D836D2F11B3CA13200DD2543 /* Frameworks */,
				D836D2F21B3CA13200DD2543 /* Resources */,
			);
			buildRules = (
			);
			dependencies = (
			);
			name = WInjector;
			productName = WInjector;
			productReference = D836D2F41B3CA13200DD2543 /* WInjector.app */;
			productType = "com.apple.product-type.application";
		};
		D836D3071B3CA13200DD2543 /* WInjectorTests */ = {
			isa = PBXNativeTarget;
			buildConfigurationList = D836D3141B3CA13200DD2543 /* Build configuration list for PBXNativeTarget "WInjectorTests" */;
			buildPhases = (
				D836D3041B3CA13200DD2543 /* Sources */,
				D836D3051B3CA13200DD2543 /* Frameworks */,
				D836D3061B3CA13200DD2543 /* Resources */,
			);
			buildRules = (
			);
			dependencies = (
				D836D30A1B3CA13200DD2543 /* PBXTargetDependency */,
			);
			name = WInjectorTests;
			productName = WInjectorTests;
			productReference = D836D3081B3CA13200DD2543 /* WInjectorTests.xctest */;
			productType = "com.apple.product-type.bundle.unit-test";
		};
/* End PBXNativeTarget section */

/* Begin PBXProject section */
		D836D2EC1B3CA13200DD2543 /* Project object */ = {
			isa = PBXProject;
			attributes = {
				LastUpgradeCheck = 0700;
				ORGANIZATIONNAME = WillowTreeApps;
				TargetAttributes = {
					D836D2F31B3CA13200DD2543 = {
						CreatedOnToolsVersion = 7.0;
					};
					D836D3071B3CA13200DD2543 = {
						CreatedOnToolsVersion = 7.0;
						TestTargetID = D836D2F31B3CA13200DD2543;
					};
				};
			};
			buildConfigurationList = D836D2EF1B3CA13200DD2543 /* Build configuration list for PBXProject "WInjector" */;
			compatibilityVersion = "Xcode 3.2";
			developmentRegion = English;
			hasScannedForEncodings = 0;
			knownRegions = (
				en,
				Base,
			);
			mainGroup = D836D2EB1B3CA13200DD2543;
			productRefGroup = D836D2F51B3CA13200DD2543 /* Products */;
			projectDirPath = "";
			projectRoot = "";
			targets = (
				D836D2F31B3CA13200DD2543 /* WInjector */,
				D836D3071B3CA13200DD2543 /* WInjectorTests */,
			);
		};
/* End PBXProject section */

/* Begin PBXResourcesBuildPhase section */
		D836D2F21B3CA13200DD2543 /* Resources */ = {
			isa = PBXResourcesBuildPhase;
			buildActionMask = 2147483647;
			files = (
				D836D3021B3CA13200DD2543 /* LaunchScreen.storyboard in Resources */,
				D836D2FF1B3CA13200DD2543 /* Assets.xcassets in Resources */,
				D836D2FD1B3CA13200DD2543 /* Main.storyboard in Resources */,
			);
			runOnlyForDeploymentPostprocessing = 0;
		};
		D836D3061B3CA13200DD2543 /* Resources */ = {
			isa = PBXResourcesBuildPhase;
			buildActionMask = 2147483647;
			files = (
			);
			runOnlyForDeploymentPostprocessing = 0;
		};
/* End PBXResourcesBuildPhase section */

/* Begin PBXSourcesBuildPhase section */
		D836D2F01B3CA13200DD2543 /* Sources */ = {
			isa = PBXSourcesBuildPhase;
			buildActionMask = 2147483647;
			files = (
				D836D3181B3CA14C00DD2543 /* WInjector.swift in Sources */,
				D836D2FA1B3CA13200DD2543 /* ViewController.swift in Sources */,
				D836D31A1B3CAE8400DD2543 /* Tester.swift in Sources */,
				D836D2F81B3CA13200DD2543 /* AppDelegate.swift in Sources */,
			);
			runOnlyForDeploymentPostprocessing = 0;
		};
		D836D3041B3CA13200DD2543 /* Sources */ = {
			isa = PBXSourcesBuildPhase;
			buildActionMask = 2147483647;
			files = (
				D836D30D1B3CA13200DD2543 /* WInjectorTests.swift in Sources */,
			);
			runOnlyForDeploymentPostprocessing = 0;
		};
/* End PBXSourcesBuildPhase section */

/* Begin PBXTargetDependency section */
		D836D30A1B3CA13200DD2543 /* PBXTargetDependency */ = {
			isa = PBXTargetDependency;
			target = D836D2F31B3CA13200DD2543 /* WInjector */;
			targetProxy = D836D3091B3CA13200DD2543 /* PBXContainerItemProxy */;
		};
/* End PBXTargetDependency section */

/* Begin PBXVariantGroup section */
		D836D2FB1B3CA13200DD2543 /* Main.storyboard */ = {
			isa = PBXVariantGroup;
			children = (
				D836D2FC1B3CA13200DD2543 /* Base */,
			);
			name = Main.storyboard;
			sourceTree = "<group>";
		};
		D836D3001B3CA13200DD2543 /* LaunchScreen.storyboard */ = {
			isa = PBXVariantGroup;
			children = (
				D836D3011B3CA13200DD2543 /* Base */,
			);
			name = LaunchScreen.storyboard;
			sourceTree = "<group>";
		};
/* End PBXVariantGroup section */

/* Begin XCBuildConfiguration section */
		D836D30F1B3CA13200DD2543 /* Debug */ = {
			isa = XCBuildConfiguration;
			buildSettings = {
				ALWAYS_SEARCH_USER_PATHS = NO;
				CLANG_CXX_LANGUAGE_STANDARD = "gnu++0x";
				CLANG_CXX_LIBRARY = "libc++";
				CLANG_ENABLE_MODULES = YES;
				CLANG_ENABLE_OBJC_ARC = YES;
				CLANG_WARN_BOOL_CONVERSION = YES;
				CLANG_WARN_CONSTANT_CONVERSION = YES;
				CLANG_WARN_DIRECT_OBJC_ISA_USAGE = YES_ERROR;
				CLANG_WARN_EMPTY_BODY = YES;
				CLANG_WARN_ENUM_CONVERSION = YES;
				CLANG_WARN_INT_CONVERSION = YES;
				CLANG_WARN_OBJC_ROOT_CLASS = YES_ERROR;
				CLANG_WARN_UNREACHABLE_CODE = YES;
				CLANG_WARN__DUPLICATE_METHOD_MATCH = YES;
				"CODE_SIGN_IDENTITY[sdk=iphoneos*]" = "iPhone Developer";
				COPY_PHASE_STRIP = NO;
				DEBUG_INFORMATION_FORMAT = dwarf;
				ENABLE_STRICT_OBJC_MSGSEND = YES;
				ENABLE_TESTABILITY = YES;
				GCC_C_LANGUAGE_STANDARD = gnu99;
				GCC_DYNAMIC_NO_PIC = NO;
				GCC_NO_COMMON_BLOCKS = YES;
				GCC_OPTIMIZATION_LEVEL = 0;
				GCC_PREPROCESSOR_DEFINITIONS = (
					"DEBUG=1",
					"$(inherited)",
				);
				GCC_WARN_64_TO_32_BIT_CONVERSION = YES;
				GCC_WARN_ABOUT_RETURN_TYPE = YES_ERROR;
				GCC_WARN_UNDECLARED_SELECTOR = YES;
				GCC_WARN_UNINITIALIZED_AUTOS = YES_AGGRESSIVE;
				GCC_WARN_UNUSED_FUNCTION = YES;
				GCC_WARN_UNUSED_VARIABLE = YES;
				IPHONEOS_DEPLOYMENT_TARGET = 9.0;
				MTL_ENABLE_DEBUG_INFO = YES;
				ONLY_ACTIVE_ARCH = YES;
				SDKROOT = iphoneos;
				SWIFT_OPTIMIZATION_LEVEL = "-Onone";
				TARGETED_DEVICE_FAMILY = "1,2";
			};
			name = Debug;
		};
		D836D3101B3CA13200DD2543 /* Release */ = {
			isa = XCBuildConfiguration;
			buildSettings = {
				ALWAYS_SEARCH_USER_PATHS = NO;
				CLANG_CXX_LANGUAGE_STANDARD = "gnu++0x";
				CLANG_CXX_LIBRARY = "libc++";
				CLANG_ENABLE_MODULES = YES;
				CLANG_ENABLE_OBJC_ARC = YES;
				CLANG_WARN_BOOL_CONVERSION = YES;
				CLANG_WARN_CONSTANT_CONVERSION = YES;
				CLANG_WARN_DIRECT_OBJC_ISA_USAGE = YES_ERROR;
				CLANG_WARN_EMPTY_BODY = YES;
				CLANG_WARN_ENUM_CONVERSION = YES;
				CLANG_WARN_INT_CONVERSION = YES;
				CLANG_WARN_OBJC_ROOT_CLASS = YES_ERROR;
				CLANG_WARN_UNREACHABLE_CODE = YES;
				CLANG_WARN__DUPLICATE_METHOD_MATCH = YES;
				"CODE_SIGN_IDENTITY[sdk=iphoneos*]" = "iPhone Developer";
				COPY_PHASE_STRIP = NO;
				DEBUG_INFORMATION_FORMAT = "dwarf-with-dsym";
				ENABLE_NS_ASSERTIONS = NO;
				ENABLE_STRICT_OBJC_MSGSEND = YES;
				GCC_C_LANGUAGE_STANDARD = gnu99;
				GCC_NO_COMMON_BLOCKS = YES;
				GCC_WARN_64_TO_32_BIT_CONVERSION = YES;
				GCC_WARN_ABOUT_RETURN_TYPE = YES_ERROR;
				GCC_WARN_UNDECLARED_SELECTOR = YES;
				GCC_WARN_UNINITIALIZED_AUTOS = YES_AGGRESSIVE;
				GCC_WARN_UNUSED_FUNCTION = YES;
				GCC_WARN_UNUSED_VARIABLE = YES;
				IPHONEOS_DEPLOYMENT_TARGET = 9.0;
				MTL_ENABLE_DEBUG_INFO = NO;
				SDKROOT = iphoneos;
				TARGETED_DEVICE_FAMILY = "1,2";
				VALIDATE_PRODUCT = YES;
			};
			name = Release;
		};
		D836D3121B3CA13200DD2543 /* Debug */ = {
			isa = XCBuildConfiguration;
			buildSettings = {
				ASSETCATALOG_COMPILER_APPICON_NAME = AppIcon;
				INFOPLIST_FILE = WInjector/Info.plist;
				LD_RUNPATH_SEARCH_PATHS = "$(inherited) @executable_path/Frameworks";
				PRODUCT_BUNDLE_IDENTIFIER = com.willowtreeapps.WInjector;
				PRODUCT_NAME = "$(TARGET_NAME)";
			};
			name = Debug;
		};
		D836D3131B3CA13200DD2543 /* Release */ = {
			isa = XCBuildConfiguration;
			buildSettings = {
				ASSETCATALOG_COMPILER_APPICON_NAME = AppIcon;
				INFOPLIST_FILE = WInjector/Info.plist;
				LD_RUNPATH_SEARCH_PATHS = "$(inherited) @executable_path/Frameworks";
				PRODUCT_BUNDLE_IDENTIFIER = com.willowtreeapps.WInjector;
				PRODUCT_NAME = "$(TARGET_NAME)";
			};
			name = Release;
		};
		D836D3151B3CA13200DD2543 /* Debug */ = {
			isa = XCBuildConfiguration;
			buildSettings = {
				BUNDLE_LOADER = "$(TEST_HOST)";
				INFOPLIST_FILE = WInjectorTests/Info.plist;
				LD_RUNPATH_SEARCH_PATHS = "$(inherited) @executable_path/Frameworks @loader_path/Frameworks";
				PRODUCT_BUNDLE_IDENTIFIER = com.willowtreeapps.WInjectorTests;
				PRODUCT_NAME = "$(TARGET_NAME)";
				TEST_HOST = "$(BUILT_PRODUCTS_DIR)/WInjector.app/WInjector";
			};
			name = Debug;
		};
		D836D3161B3CA13200DD2543 /* Release */ = {
			isa = XCBuildConfiguration;
			buildSettings = {
				BUNDLE_LOADER = "$(TEST_HOST)";
				INFOPLIST_FILE = WInjectorTests/Info.plist;
				LD_RUNPATH_SEARCH_PATHS = "$(inherited) @executable_path/Frameworks @loader_path/Frameworks";
				PRODUCT_BUNDLE_IDENTIFIER = com.willowtreeapps.WInjectorTests;
				PRODUCT_NAME = "$(TARGET_NAME)";
				TEST_HOST = "$(BUILT_PRODUCTS_DIR)/WInjector.app/WInjector";
			};
			name = Release;
		};
/* End XCBuildConfiguration section */

/* Begin XCConfigurationList section */
		D836D2EF1B3CA13200DD2543 /* Build configuration list for PBXProject "WInjector" */ = {
			isa = XCConfigurationList;
			buildConfigurations = (
				D836D30F1B3CA13200DD2543 /* Debug */,
				D836D3101B3CA13200DD2543 /* Release */,
			);
			defaultConfigurationIsVisible = 0;
			defaultConfigurationName = Release;
		};
		D836D3111B3CA13200DD2543 /* Build configuration list for PBXNativeTarget "WInjector" */ = {
			isa = XCConfigurationList;
			buildConfigurations = (
				D836D3121B3CA13200DD2543 /* Debug */,
				D836D3131B3CA13200DD2543 /* Release */,
			);
			defaultConfigurationIsVisible = 0;
		};
		D836D3141B3CA13200DD2543 /* Build configuration list for PBXNativeTarget "WInjectorTests" */ = {
			isa = XCConfigurationList;
			buildConfigurations = (
				D836D3151B3CA13200DD2543 /* Debug */,
				D836D3161B3CA13200DD2543 /* Release */,
			);
			defaultConfigurationIsVisible = 0;
		};
/* End XCConfigurationList section */
	};
	rootObject = D836D2EC1B3CA13200DD2543 /* Project object */;
}
